
Microsoft Visual Studio Solution File, Format Version 12.00
# Visual Studio Version 17
VisualStudioVersion = 17.1.32421.90
MinimumVisualStudioVersion = 10.0.40219.1
Project("{FAE04EC0-301F-11D3-BF4B-00C04F79EFBC}") = "Myapp.Android", "Myapp\Myapp.Android\Myapp.Android.csproj", "{277DA38B-5AC0-472C-A44C-36EE7D631517}"
EndProject
Project("{FAE04EC0-301F-11D3-BF4B-00C04F79EFBC}") = "Myapp.iOS", "Myapp\Myapp.iOS\Myapp.iOS.csproj", "{A8C54B39-E70A-4F99-9A01-C98A2B1D3EEE}"
EndProject
Project("{FAE04EC0-301F-11D3-BF4B-00C04F79EFBC}") = "Myapp", "Myapp\Myapp\Myapp.csproj", "{C8E2623F-1E4D-4F55-96AB-D1DE26CFE617}"
EndProject
Global
	GlobalSection(SolutionConfigurationPlatforms) = preSolution
		Debug|Any CPU = Debug|Any CPU
		Debug|iPhone = Debug|iPhone
		Debug|iPhoneSimulator = Debug|iPhoneSimulator
		Release|Any CPU = Release|Any CPU
		Release|iPhone = Release|iPhone
		Release|iPhoneSimulator = Release|iPhoneSimulator
	EndGlobalSection
	GlobalSection(ProjectConfigurationPlatforms) = postSolution
		{277DA38B-5AC0-472C-A44C-36EE7D631517}.Debug|Any CPU.ActiveCfg = Debug|Any CPU
		{277DA38B-5AC0-472C-A44C-36EE7D631517}.Debug|Any CPU.Build.0 = Debug|Any CPU
		{277DA38B-5AC0-472C-A44C-36EE7D631517}.Debug|Any CPU.Deploy.0 = Debug|Any CPU
		{277DA38B-5AC0-472C-A44C-36EE7D631517}.Debug|iPhone.ActiveCfg = Debug|Any CPU
		{277DA38B-5AC0-472C-A44C-36EE7D631517}.Debug|iPhone.Build.0 = Debug|Any CPU
		{277DA38B-5AC0-472C-A44C-36EE7D631517}.Debug|iPhone.Deploy.0 = Debug|Any CPU
		{277DA38B-5AC0-472C-A44C-36EE7D631517}.Debug|iPhoneSimulator.ActiveCfg = Debug|Any CPU
		{277DA38B-5AC0-472C-A44C-36EE7D631517}.Debug|iPhoneSimulator.Build.0 = Debug|Any CPU
		{277DA38B-5AC0-472C-A44C-36EE7D631517}.Debug|iPhoneSimulator.Deploy.0 = Debug|Any CPU
		{277DA38B-5AC0-472C-A44C-36EE7D631517}.Release|Any CPU.ActiveCfg = Release|Any CPU
		{277DA38B-5AC0-472C-A44C-36EE7D631517}.Release|Any CPU.Build.0 = Release|Any CPU
		{277DA38B-5AC0-472C-A44C-36EE7D631517}.Release|Any CPU.Deploy.0 = Release|Any CPU
		{277DA38B-5AC0-472C-A44C-36EE7D631517}.Release|iPhone.ActiveCfg = Release|Any CPU
		{277DA38B-5AC0-472C-A44C-36EE7D631517}.Release|iPhone.Build.0 = Release|Any CPU
		{277DA38B-5AC0-472C-A44C-36EE7D631517}.Release|iPhone.Deploy.0 = Release|Any CPU
		{277DA38B-5AC0-472C-A44C-36EE7D631517}.Release|iPhoneSimulator.ActiveCfg = Release|Any CPU
		{277DA38B-5AC0-472C-A44C-36EE7D631517}.Release|iPhoneSimulator.Build.0 = Release|Any CPU
		{277DA38B-5AC0-472C-A44C-36EE7D631517}.Release|iPhoneSimulator.Deploy.0 = Release|Any CPU
		{A8C54B39-E70A-4F99-9A01-C98A2B1D3EEE}.Debug|Any CPU.ActiveCfg = Debug|iPhone
		{A8C54B39-E70A-4F99-9A01-C98A2B1D3EEE}.Debug|Any CPU.Build.0 = Debug|iPhone
		{A8C54B39-E70A-4F99-9A01-C98A2B1D3EEE}.Debug|Any CPU.Deploy.0 = Debug|iPhone
		{A8C54B39-E70A-4F99-9A01-C98A2B1D3EEE}.Debug|iPhone.ActiveCfg = Debug|iPhone
		{A8C54B39-E70A-4F99-9A01-C98A2B1D3EEE}.Debug|iPhone.Build.0 = Debug|iPhone
		{A8C54B39-E70A-4F99-9A01-C98A2B1D3EEE}.Debug|iPhone.Deploy.0 = Debug|iPhone
		{A8C54B39-E70A-4F99-9A01-C98A2B1D3EEE}.Debug|iPhoneSimulator.ActiveCfg = Debug|iPhoneSimulator
		{A8C54B39-E70A-4F99-9A01-C98A2B1D3EEE}.Debug|iPhoneSimulator.Build.0 = Debug|iPhoneSimulator
		{A8C54B39-E70A-4F99-9A01-C98A2B1D3EEE}.Debug|iPhoneSimulator.Deploy.0 = Debug|iPhoneSimulator
		{A8C54B39-E70A-4F99-9A01-C98A2B1D3EEE}.Release|Any CPU.ActiveCfg = Release|iPhoneSimulator
		{A8C54B39-E70A-4F99-9A01-C98A2B1D3EEE}.Release|Any CPU.Build.0 = Release|iPhoneSimulator
		{A8C54B39-E70A-4F99-9A01-C98A2B1D3EEE}.Release|Any CPU.Deploy.0 = Release|iPhoneSimulator
		{A8C54B39-E70A-4F99-9A01-C98A2B1D3EEE}.Release|iPhone.ActiveCfg = Release|iPhone
		{A8C54B39-E70A-4F99-9A01-C98A2B1D3EEE}.Release|iPhone.Build.0 = Release|iPhone
		{A8C54B39-E70A-4F99-9A01-C98A2B1D3EEE}.Release|iPhone.Deploy.0 = Release|iPhone
		{A8C54B39-E70A-4F99-9A01-C98A2B1D3EEE}.Release|iPhoneSimulator.ActiveCfg = Release|iPhoneSimulator
		{A8C54B39-E70A-4F99-9A01-C98A2B1D3EEE}.Release|iPhoneSimulator.Build.0 = Release|iPhoneSimulator
		{A8C54B39-E70A-4F99-9A01-C98A2B1D3EEE}.Release|iPhoneSimulator.Deploy.0 = Release|iPhoneSimulator
		{C8E2623F-1E4D-4F55-96AB-D1DE26CFE617}.Debug|Any CPU.ActiveCfg = Debug|Any CPU
		{C8E2623F-1E4D-4F55-96AB-D1DE26CFE617}.Debug|Any CPU.Build.0 = Debug|Any CPU
		{C8E2623F-1E4D-4F55-96AB-D1DE26CFE617}.Debug|Any CPU.Deploy.0 = Debug|Any CPU
		{C8E2623F-1E4D-4F55-96AB-D1DE26CFE617}.Debug|iPhone.ActiveCfg = Debug|Any CPU
		{C8E2623F-1E4D-4F55-96AB-D1DE26CFE617}.Debug|iPhone.Build.0 = Debug|Any CPU
		{C8E2623F-1E4D-4F55-96AB-D1DE26CFE617}.Debug|iPhone.Deploy.0 = Debug|Any CPU
		{C8E2623F-1E4D-4F55-96AB-D1DE26CFE617}.Debug|iPhoneSimulator.ActiveCfg = Debug|Any CPU
		{C8E2623F-1E4D-4F55-96AB-D1DE26CFE617}.Debug|iPhoneSimulator.Build.0 = Debug|Any CPU
		{C8E2623F-1E4D-4F55-96AB-D1DE26CFE617}.Debug|iPhoneSimulator.Deploy.0 = Debug|Any CPU
		{C8E2623F-1E4D-4F55-96AB-D1DE26CFE617}.Release|Any CPU.ActiveCfg = Release|Any CPU
		{C8E2623F-1E4D-4F55-96AB-D1DE26CFE617}.Release|Any CPU.Build.0 = Release|Any CPU
		{C8E2623F-1E4D-4F55-96AB-D1DE26CFE617}.Release|Any CPU.Deploy.0 = Release|Any CPU
		{C8E2623F-1E4D-4F55-96AB-D1DE26CFE617}.Release|iPhone.ActiveCfg = Release|Any CPU
		{C8E2623F-1E4D-4F55-96AB-D1DE26CFE617}.Release|iPhone.Build.0 = Release|Any CPU
		{C8E2623F-1E4D-4F55-96AB-D1DE26CFE617}.Release|iPhone.Deploy.0 = Release|Any CPU
		{C8E2623F-1E4D-4F55-96AB-D1DE26CFE617}.Release|iPhoneSimulator.ActiveCfg = Release|Any CPU
		{C8E2623F-1E4D-4F55-96AB-D1DE26CFE617}.Release|iPhoneSimulator.Build.0 = Release|Any CPU
		{C8E2623F-1E4D-4F55-96AB-D1DE26CFE617}.Release|iPhoneSimulator.Deploy.0 = Release|Any CPU
	EndGlobalSection
	GlobalSection(SolutionProperties) = preSolution
		HideSolutionNode = FALSE
	EndGlobalSection
	GlobalSection(ExtensibilityGlobals) = postSolution
		SolutionGuid = {1372E2C2-505A-444B-A03D-D66E88643CE5}
	EndGlobalSection
EndGlobal
